
Microsoft Visual Studio Solution File, Format Version 12.00
# Visual Studio Version 17
VisualStudioVersion = 17.14.36121.58
MinimumVisualStudioVersion = 10.0.40219.1
Project("{2150E333-8FDC-42A3-9474-1A3956D46DE8}") = "src", "src", "{02EA681E-C7D8-13C7-8484-4AC65E1B71E8}"
EndProject
Project("{2150E333-8FDC-42A3-9474-1A3956D46DE8}") = "Solution Items", "Solution Items", "{8EC462FD-D22E-90A8-E5CE-7E832BA40C5D}"
	ProjectSection(SolutionItems) = preProject
		Directory.Build.props = Directory.Build.props
		Directory.Packages.props = Directory.Packages.props
	EndProjectSection
EndProject
Project("{FAE04EC0-301F-11D3-BF4B-00C04F79EFBC}") = "Filament.WebApi", "src\Filament.WebApi\Filament.WebApi.csproj", "{74502AA1-A38A-4FD6-81C0-266D34F89323}"
EndProject
Global
	GlobalSection(SolutionConfigurationPlatforms) = preSolution
		Debug|Any CPU = Debug|Any CPU
		Release|Any CPU = Release|Any CPU
	EndGlobalSection
	GlobalSection(ProjectConfigurationPlatforms) = postSolution
		{74502AA1-A38A-4FD6-81C0-266D34F89323}.Debug|Any CPU.ActiveCfg = Debug|Any CPU
		{74502AA1-A38A-4FD6-81C0-266D34F89323}.Debug|Any CPU.Build.0 = Debug|Any CPU
		{74502AA1-A38A-4FD6-81C0-266D34F89323}.Release|Any CPU.ActiveCfg = Release|Any CPU
		{74502AA1-A38A-4FD6-81C0-266D34F89323}.Release|Any CPU.Build.0 = Release|Any CPU
	EndGlobalSection
	GlobalSection(SolutionProperties) = preSolution
		HideSolutionNode = FALSE
	EndGlobalSection
	GlobalSection(NestedProjects) = preSolution
		{74502AA1-A38A-4FD6-81C0-266D34F89323} = {02EA681E-C7D8-13C7-8484-4AC65E1B71E8}
	EndGlobalSection
	GlobalSection(ExtensibilityGlobals) = postSolution
		SolutionGuid = {33A09A75-9062-42CF-BB83-8EA3AAF6B745}
	EndGlobalSection
EndGlobal
